// !$*UTF8*$!
{
	archiveVersion = 1;
	classes = {
	};
	objectVersion = 56;
	objects = {

/* Begin PBXBuildFile section */
		CE4445522D72047700A8A7C0 /* DiceViewApp.swift in Sources */ = {isa = PBXBuildFile; fileRef = CE4445512D72047700A8A7C0 /* DiceViewApp.swift */; };
		CE4445542D72047700A8A7C0 /* DiceView.swift in Sources */ = {isa = PBXBuildFile; fileRef = CE4445532D72047700A8A7C0 /* DiceView.swift */; };
		CE4445562D72047900A8A7C0 /* Assets.xcassets in Resources */ = {isa = PBXBuildFile; fileRef = CE4445552D72047900A8A7C0 /* Assets.xcassets */; };
		CE4445592D72047900A8A7C0 /* Preview Assets.xcassets in Resources */ = {isa = PBXBuildFile; fileRef = CE4445582D72047900A8A7C0 /* Preview Assets.xcassets */; };
/* End PBXBuildFile section */

/* Begin PBXContainerItemProxy section */
		CE44455F2D72047900A8A7C0 /* PBXContainerItemProxy */ = {
			isa = PBXContainerItemProxy;
			containerPortal = CE4445462D72047700A8A7C0 /* Project object */;
			proxyType = 1;
			remoteGlobalIDString = CE44454D2D72047700A8A7C0;
			remoteInfo = DiceView;
		};
		CE4445692D72047900A8A7C0 /* PBXContainerItemProxy */ = {
			isa = PBXContainerItemProxy;
			containerPortal = CE4445462D72047700A8A7C0 /* Project object */;
			proxyType = 1;
			remoteGlobalIDString = CE44454D2D72047700A8A7C0;
			remoteInfo = DiceView;
		};
/* End PBXContainerItemProxy section */

/* Begin PBXFileReference section */
		CE44454E2D72047700A8A7C0 /* DiceView.app */ = {isa = PBXFileReference; explicitFileType = wrapper.application; includeInIndex = 0; path = DiceView.app; sourceTree = BUILT_PRODUCTS_DIR; };
		CE4445512D72047700A8A7C0 /* DiceViewApp.swift */ = {isa = PBXFileReference; lastKnownFileType = sourcecode.swift; path = DiceViewApp.swift; sourceTree = "<group>"; };
		CE4445532D72047700A8A7C0 /* DiceView.swift */ = {isa = PBXFileReference; lastKnownFileType = sourcecode.swift; path = DiceView.swift; sourceTree = "<group>"; };
		CE4445552D72047900A8A7C0 /* Assets.xcassets */ = {isa = PBXFileReference; lastKnownFileType = folder.assetcatalog; path = Assets.xcassets; sourceTree = "<group>"; };
		CE4445582D72047900A8A7C0 /* Preview Assets.xcassets */ = {isa = PBXFileReference; lastKnownFileType = folder.assetcatalog; path = "Preview Assets.xcassets"; sourceTree = "<group>"; };
		CE44455E2D72047900A8A7C0 /* DiceViewTests.xctest */ = {isa = PBXFileReference; explicitFileType = wrapper.cfbundle; includeInIndex = 0; path = DiceViewTests.xctest; sourceTree = BUILT_PRODUCTS_DIR; };
		CE4445682D72047900A8A7C0 /* DiceViewUITests.xctest */ = {isa = PBXFileReference; explicitFileType = wrapper.cfbundle; includeInIndex = 0; path = DiceViewUITests.xctest; sourceTree = BUILT_PRODUCTS_DIR; };
/* End PBXFileReference section */

/* Begin PBXFrameworksBuildPhase section */
		CE44454B2D72047700A8A7C0 /* Frameworks */ = {
			isa = PBXFrameworksBuildPhase;
			buildActionMask = 2147483647;
			files = (
			);
			runOnlyForDeploymentPostprocessing = 0;
		};
		CE44455B2D72047900A8A7C0 /* Frameworks */ = {
			isa = PBXFrameworksBuildPhase;
			buildActionMask = 2147483647;
			files = (
			);
			runOnlyForDeploymentPostprocessing = 0;
		};
		CE4445652D72047900A8A7C0 /* Frameworks */ = {
			isa = PBXFrameworksBuildPhase;
			buildActionMask = 2147483647;
			files = (
			);
			runOnlyForDeploymentPostprocessing = 0;
		};
/* End PBXFrameworksBuildPhase section */

/* Begin PBXGroup section */
		CE4445452D72047700A8A7C0 = {
			isa = PBXGroup;
			children = (
				CE4445502D72047700A8A7C0 /* DiceView */,
				CE44454F2D72047700A8A7C0 /* Products */,
			);
			sourceTree = "<group>";
		};
		CE44454F2D72047700A8A7C0 /* Products */ = {
			isa = PBXGroup;
			children = (
				CE44454E2D72047700A8A7C0 /* DiceView.app */,
				CE44455E2D72047900A8A7C0 /* DiceViewTests.xctest */,
				CE4445682D72047900A8A7C0 /* DiceViewUITests.xctest */,
			);
			name = Products;
			sourceTree = "<group>";
		};
		CE4445502D72047700A8A7C0 /* DiceView */ = {
			isa = PBXGroup;
			children = (
				CE4445512D72047700A8A7C0 /* DiceViewApp.swift */,
				CE4445532D72047700A8A7C0 /* DiceView.swift */,
				CE4445552D72047900A8A7C0 /* Assets.xcassets */,
				CE4445572D72047900A8A7C0 /* Preview Content */,
			);
			path = DiceView;
			sourceTree = "<group>";
		};
		CE4445572D72047900A8A7C0 /* Preview Content */ = {
			isa = PBXGroup;
			children = (
				CE4445582D72047900A8A7C0 /* Preview Assets.xcassets */,
			);
			path = "Preview Content";
			sourceTree = "<group>";
		};
/* End PBXGroup section */

/* Begin PBXNativeTarget section */
		CE44454D2D72047700A8A7C0 /* DiceView */ = {
			isa = PBXNativeTarget;
			buildConfigurationList = CE4445722D72047900A8A7C0 /* Build configuration list for PBXNativeTarget "DiceView" */;
			buildPhases = (
				CE44454A2D72047700A8A7C0 /* Sources */,
				CE44454B2D72047700A8A7C0 /* Frameworks */,
				CE44454C2D72047700A8A7C0 /* Resources */,
			);
			buildRules = (
			);
			dependencies = (
			);
			name = DiceView;
			productName = DiceView;
			productReference = CE44454E2D72047700A8A7C0 /* DiceView.app */;
			productType = "com.apple.product-type.application";
		};
		CE44455D2D72047900A8A7C0 /* DiceViewTests */ = {
			isa = PBXNativeTarget;
			buildConfigurationList = CE4445752D72047900A8A7C0 /* Build configuration list for PBXNativeTarget "DiceViewTests" */;
			buildPhases = (
				CE44455A2D72047900A8A7C0 /* Sources */,
				CE44455B2D72047900A8A7C0 /* Frameworks */,
				CE44455C2D72047900A8A7C0 /* Resources */,
			);
			buildRules = (
			);
			dependencies = (
				CE4445602D72047900A8A7C0 /* PBXTargetDependency */,
			);
			name = DiceViewTests;
			productName = DiceViewTests;
			productReference = CE44455E2D72047900A8A7C0 /* DiceViewTests.xctest */;
			productType = "com.apple.product-type.bundle.unit-test";
		};
		CE4445672D72047900A8A7C0 /* DiceViewUITests */ = {
			isa = PBXNativeTarget;
			buildConfigurationList = CE4445782D72047900A8A7C0 /* Build configuration list for PBXNativeTarget "DiceViewUITests" */;
			buildPhases = (
				CE4445642D72047900A8A7C0 /* Sources */,
				CE4445652D72047900A8A7C0 /* Frameworks */,
				CE4445662D72047900A8A7C0 /* Resources */,
			);
			buildRules = (
			);
			dependencies = (
				CE44456A2D72047900A8A7C0 /* PBXTargetDependency */,
			);
			name = DiceViewUITests;
			productName = DiceViewUITests;
			productReference = CE4445682D72047900A8A7C0 /* DiceViewUITests.xctest */;
			productType = "com.apple.product-type.bundle.ui-testing";
		};
/* End PBXNativeTarget section */

/* Begin PBXProject section */
		CE4445462D72047700A8A7C0 /* Project object */ = {
			isa = PBXProject;
			attributes = {
				BuildIndependentTargetsInParallel = 1;
				LastSwiftUpdateCheck = 1520;
				LastUpgradeCheck = 1520;
				TargetAttributes = {
					CE44454D2D72047700A8A7C0 = {
						CreatedOnToolsVersion = 15.2;
					};
					CE44455D2D72047900A8A7C0 = {
						CreatedOnToolsVersion = 15.2;
						TestTargetID = CE44454D2D72047700A8A7C0;
					};
					CE4445672D72047900A8A7C0 = {
						CreatedOnToolsVersion = 15.2;
						TestTargetID = CE44454D2D72047700A8A7C0;
					};
				};
			};
			buildConfigurationList = CE4445492D72047700A8A7C0 /* Build configuration list for PBXProject "DiceView" */;
			compatibilityVersion = "Xcode 14.0";
			developmentRegion = en;
			hasScannedForEncodings = 0;
			knownRegions = (
				en,
				Base,
			);
			mainGroup = CE4445452D72047700A8A7C0;
			productRefGroup = CE44454F2D72047700A8A7C0 /* Products */;
			projectDirPath = "";
			projectRoot = "";
			targets = (
				CE44454D2D72047700A8A7C0 /* DiceView */,
				CE44455D2D72047900A8A7C0 /* DiceViewTests */,
				CE4445672D72047900A8A7C0 /* DiceViewUITests */,
			);
		};
/* End PBXProject section */

/* Begin PBXResourcesBuildPhase section */
		CE44454C2D72047700A8A7C0 /* Resources */ = {
			isa = PBXResourcesBuildPhase;
			buildActionMask = 2147483647;
			files = (
				CE4445592D72047900A8A7C0 /* Preview Assets.xcassets in Resources */,
				CE4445562D72047900A8A7C0 /* Assets.xcassets in Resources */,
			);
			runOnlyForDeploymentPostprocessing = 0;
		};
		CE44455C2D72047900A8A7C0 /* Resources */ = {
			isa = PBXResourcesBuildPhase;
			buildActionMask = 2147483647;
			files = (
			);
			runOnlyForDeploymentPostprocessing = 0;
		};
		CE4445662D72047900A8A7C0 /* Resources */ = {
			isa = PBXResourcesBuildPhase;
			buildActionMask = 2147483647;
			files = (
			);
			runOnlyForDeploymentPostprocessing = 0;
		};
/* End PBXResourcesBuildPhase section */

/* Begin PBXSourcesBuildPhase section */
		CE44454A2D72047700A8A7C0 /* Sources */ = {
			isa = PBXSourcesBuildPhase;
			buildActionMask = 2147483647;
			files = (
				CE4445542D72047700A8A7C0 /* DiceView.swift in Sources */,
				CE4445522D72047700A8A7C0 /* DiceViewApp.swift in Sources */,
			);
			runOnlyForDeploymentPostprocessing = 0;
		};
		CE44455A2D72047900A8A7C0 /* Sources */ = {
			isa = PBXSourcesBuildPhase;
			buildActionMask = 2147483647;
			files = (
			);
			runOnlyForDeploymentPostprocessing = 0;
		};
		CE4445642D72047900A8A7C0 /* Sources */ = {
			isa = PBXSourcesBuildPhase;
			buildActionMask = 2147483647;
			files = (
			);
			runOnlyForDeploymentPostprocessing = 0;
		};
/* End PBXSourcesBuildPhase section */

/* Begin PBXTargetDependency section */
		CE4445602D72047900A8A7C0 /* PBXTargetDependency */ = {
			isa = PBXTargetDependency;
			target = CE44454D2D72047700A8A7C0 /* DiceView */;
			targetProxy = CE44455F2D72047900A8A7C0 /* PBXContainerItemProxy */;
		};
		CE44456A2D72047900A8A7C0 /* PBXTargetDependency */ = {
			isa = PBXTargetDependency;
			target = CE44454D2D72047700A8A7C0 /* DiceView */;
			targetProxy = CE4445692D72047900A8A7C0 /* PBXContainerItemProxy */;
		};
/* End PBXTargetDependency section */

/* Begin XCBuildConfiguration section */
		CE4445702D72047900A8A7C0 /* Debug */ = {
			isa = XCBuildConfiguration;
			buildSettings = {
				ALWAYS_SEARCH_USER_PATHS = NO;
				ASSETCATALOG_COMPILER_GENERATE_SWIFT_ASSET_SYMBOL_EXTENSIONS = YES;
				CLANG_ANALYZER_NONNULL = YES;
				CLANG_ANALYZER_NUMBER_OBJECT_CONVERSION = YES_AGGRESSIVE;
				CLANG_CXX_LANGUAGE_STANDARD = "gnu++20";
				CLANG_ENABLE_MODULES = YES;
				CLANG_ENABLE_OBJC_ARC = YES;
				CLANG_ENABLE_OBJC_WEAK = YES;
				CLANG_WARN_BLOCK_CAPTURE_AUTORELEASING = YES;
				CLANG_WARN_BOOL_CONVERSION = YES;
				CLANG_WARN_COMMA = YES;
				CLANG_WARN_CONSTANT_CONVERSION = YES;
				CLANG_WARN_DEPRECATED_OBJC_IMPLEMENTATIONS = YES;
				CLANG_WARN_DIRECT_OBJC_ISA_USAGE = YES_ERROR;
				CLANG_WARN_DOCUMENTATION_COMMENTS = YES;
				CLANG_WARN_EMPTY_BODY = YES;
				CLANG_WARN_ENUM_CONVERSION = YES;
				CLANG_WARN_INFINITE_RECURSION = YES;
				CLANG_WARN_INT_CONVERSION = YES;
				CLANG_WARN_NON_LITERAL_NULL_CONVERSION = YES;
				CLANG_WARN_OBJC_IMPLICIT_RETAIN_SELF = YES;
				CLANG_WARN_OBJC_LITERAL_CONVERSION = YES;
				CLANG_WARN_OBJC_ROOT_CLASS = YES_ERROR;
				CLANG_WARN_QUOTED_INCLUDE_IN_FRAMEWORK_HEADER = YES;
				CLANG_WARN_RANGE_LOOP_ANALYSIS = YES;
				CLANG_WARN_STRICT_PROTOTYPES = YES;
				CLANG_WARN_SUSPICIOUS_MOVE = YES;
				CLANG_WARN_UNGUARDED_AVAILABILITY = YES_AGGRESSIVE;
				CLANG_WARN_UNREACHABLE_CODE = YES;
				CLANG_WARN__DUPLICATE_METHOD_MATCH = YES;
				COPY_PHASE_STRIP = NO;
				DEBUG_INFORMATION_FORMAT = dwarf;
				ENABLE_STRICT_OBJC_MSGSEND = YES;
				ENABLE_TESTABILITY = YES;
				ENABLE_USER_SCRIPT_SANDBOXING = YES;
				GCC_C_LANGUAGE_STANDARD = gnu17;
				GCC_DYNAMIC_NO_PIC = NO;
				GCC_NO_COMMON_BLOCKS = YES;
				GCC_OPTIMIZATION_LEVEL = 0;
				GCC_PREPROCESSOR_DEFINITIONS = (
					"DEBUG=1",
					"$(inherited)",
				);
				GCC_WARN_64_TO_32_BIT_CONVERSION = YES;
				GCC_WARN_ABOUT_RETURN_TYPE = YES_ERROR;
				GCC_WARN_UNDECLARED_SELECTOR = YES;
				GCC_WARN_UNINITIALIZED_AUTOS = YES_AGGRESSIVE;
				GCC_WARN_UNUSED_FUNCTION = YES;
				GCC_WARN_UNUSED_VARIABLE = YES;
				IPHONEOS_DEPLOYMENT_TARGET = 17.2;
				LOCALIZATION_PREFERS_STRING_CATALOGS = YES;
				MTL_ENABLE_DEBUG_INFO = INCLUDE_SOURCE;
				MTL_FAST_MATH = YES;
				ONLY_ACTIVE_ARCH = YES;
				SDKROOT = iphoneos;
				SWIFT_ACTIVE_COMPILATION_CONDITIONS = "DEBUG $(inherited)";
				SWIFT_OPTIMIZATION_LEVEL = "-Onone";
			};
			name = Debug;
		};
		CE4445712D72047900A8A7C0 /* Release */ = {
			isa = XCBuildConfiguration;
			buildSettings = {
				ALWAYS_SEARCH_USER_PATHS = NO;
				ASSETCATALOG_COMPILER_GENERATE_SWIFT_ASSET_SYMBOL_EXTENSIONS = YES;
				CLANG_ANALYZER_NONNULL = YES;
				CLANG_ANALYZER_NUMBER_OBJECT_CONVERSION = YES_AGGRESSIVE;
				CLANG_CXX_LANGUAGE_STANDARD = "gnu++20";
				CLANG_ENABLE_MODULES = YES;
				CLANG_ENABLE_OBJC_ARC = YES;
				CLANG_ENABLE_OBJC_WEAK = YES;
				CLANG_WARN_BLOCK_CAPTURE_AUTORELEASING = YES;
				CLANG_WARN_BOOL_CONVERSION = YES;
				CLANG_WARN_COMMA = YES;
				CLANG_WARN_CONSTANT_CONVERSION = YES;
				CLANG_WARN_DEPRECATED_OBJC_IMPLEMENTATIONS = YES;
				CLANG_WARN_DIRECT_OBJC_ISA_USAGE = YES_ERROR;
				CLANG_WARN_DOCUMENTATION_COMMENTS = YES;
				CLANG_WARN_EMPTY_BODY = YES;
				CLANG_WARN_ENUM_CONVERSION = YES;
				CLANG_WARN_INFINITE_RECURSION = YES;
				CLANG_WARN_INT_CONVERSION = YES;
				CLANG_WARN_NON_LITERAL_NULL_CONVERSION = YES;
				CLANG_WARN_OBJC_IMPLICIT_RETAIN_SELF = YES;
				CLANG_WARN_OBJC_LITERAL_CONVERSION = YES;
				CLANG_WARN_OBJC_ROOT_CLASS = YES_ERROR;
				CLANG_WARN_QUOTED_INCLUDE_IN_FRAMEWORK_HEADER = YES;
				CLANG_WARN_RANGE_LOOP_ANALYSIS = YES;
				CLANG_WARN_STRICT_PROTOTYPES = YES;
				CLANG_WARN_SUSPICIOUS_MOVE = YES;
				CLANG_WARN_UNGUARDED_AVAILABILITY = YES_AGGRESSIVE;
				CLANG_WARN_UNREACHABLE_CODE = YES;
				CLANG_WARN__DUPLICATE_METHOD_MATCH = YES;
				COPY_PHASE_STRIP = NO;
				DEBUG_INFORMATION_FORMAT = "dwarf-with-dsym";
				ENABLE_NS_ASSERTIONS = NO;
				ENABLE_STRICT_OBJC_MSGSEND = YES;
				ENABLE_USER_SCRIPT_SANDBOXING = YES;
				GCC_C_LANGUAGE_STANDARD = gnu17;
				GCC_NO_COMMON_BLOCKS = YES;
				GCC_WARN_64_TO_32_BIT_CONVERSION = YES;
				GCC_WARN_ABOUT_RETURN_TYPE = YES_ERROR;
				GCC_WARN_UNDECLARED_SELECTOR = YES;
				GCC_WARN_UNINITIALIZED_AUTOS = YES_AGGRESSIVE;
				GCC_WARN_UNUSED_FUNCTION = YES;
				GCC_WARN_UNUSED_VARIABLE = YES;
				IPHONEOS_DEPLOYMENT_TARGET = 17.2;
				LOCALIZATION_PREFERS_STRING_CATALOGS = YES;
				MTL_ENABLE_DEBUG_INFO = NO;
				MTL_FAST_MATH = YES;
				SDKROOT = iphoneos;
				SWIFT_COMPILATION_MODE = wholemodule;
				VALIDATE_PRODUCT = YES;
			};
			name = Release;
		};
		CE4445732D72047900A8A7C0 /* Debug */ = {
			isa = XCBuildConfiguration;
			buildSettings = {
				ASSETCATALOG_COMPILER_APPICON_NAME = AppIcon;
				ASSETCATALOG_COMPILER_GLOBAL_ACCENT_COLOR_NAME = AccentColor;
				CODE_SIGN_STYLE = Automatic;
				CURRENT_PROJECT_VERSION = 1;
				DEVELOPMENT_ASSET_PATHS = "\"DiceView/Preview Content\"";
				ENABLE_PREVIEWS = YES;
				GENERATE_INFOPLIST_FILE = YES;
				INFOPLIST_KEY_UIApplicationSceneManifest_Generation = YES;
				INFOPLIST_KEY_UIApplicationSupportsIndirectInputEvents = YES;
				INFOPLIST_KEY_UILaunchScreen_Generation = YES;
				INFOPLIST_KEY_UISupportedInterfaceOrientations_iPad = "UIInterfaceOrientationPortrait UIInterfaceOrientationPortraitUpsideDown UIInterfaceOrientationLandscapeLeft UIInterfaceOrientationLandscapeRight";
				INFOPLIST_KEY_UISupportedInterfaceOrientations_iPhone = "UIInterfaceOrientationPortrait UIInterfaceOrientationLandscapeLeft UIInterfaceOrientationLandscapeRight";
				LD_RUNPATH_SEARCH_PATHS = (
					"$(inherited)",
					"@executable_path/Frameworks",
				);
				MARKETING_VERSION = 1.0;
				PRODUCT_BUNDLE_IDENTIFIER = hamidhosen.DiceView;
				PRODUCT_NAME = "$(TARGET_NAME)";
				SWIFT_EMIT_LOC_STRINGS = YES;
				SWIFT_VERSION = 5.0;
				TARGETED_DEVICE_FAMILY = "1,2";
			};
			name = Debug;
		};
		CE4445742D72047900A8A7C0 /* Release */ = {
			isa = XCBuildConfiguration;
			buildSettings = {
				ASSETCATALOG_COMPILER_APPICON_NAME = AppIcon;
				ASSETCATALOG_COMPILER_GLOBAL_ACCENT_COLOR_NAME = AccentColor;
				CODE_SIGN_STYLE = Automatic;
				CURRENT_PROJECT_VERSION = 1;
				DEVELOPMENT_ASSET_PATHS = "\"DiceView/Preview Content\"";
				ENABLE_PREVIEWS = YES;
				GENERATE_INFOPLIST_FILE = YES;
				INFOPLIST_KEY_UIApplicationSceneManifest_Generation = YES;
				INFOPLIST_KEY_UIApplicationSupportsIndirectInputEvents = YES;
				INFOPLIST_KEY_UILaunchScreen_Generation = YES;
				INFOPLIST_KEY_UISupportedInterfaceOrientations_iPad = "UIInterfaceOrientationPortrait UIInterfaceOrientationPortraitUpsideDown UIInterfaceOrientationLandscapeLeft UIInterfaceOrientationLandscapeRight";
				INFOPLIST_KEY_UISupportedInterfaceOrientations_iPhone = "UIInterfaceOrientationPortrait UIInterfaceOrientationLandscapeLeft UIInterfaceOrientationLandscapeRight";
				LD_RUNPATH_SEARCH_PATHS = (
					"$(inherited)",
					"@executable_path/Frameworks",
				);
				MARKETING_VERSION = 1.0;
				PRODUCT_BUNDLE_IDENTIFIER = hamidhosen.DiceView;
				PRODUCT_NAME = "$(TARGET_NAME)";
				SWIFT_EMIT_LOC_STRINGS = YES;
				SWIFT_VERSION = 5.0;
				TARGETED_DEVICE_FAMILY = "1,2";
			};
			name = Release;
		};
		CE4445762D72047900A8A7C0 /* Debug */ = {
			isa = XCBuildConfiguration;
			buildSettings = {
				ALWAYS_EMBED_SWIFT_STANDARD_LIBRARIES = YES;
				BUNDLE_LOADER = "$(TEST_HOST)";
				CODE_SIGN_STYLE = Automatic;
				CURRENT_PROJECT_VERSION = 1;
				GENERATE_INFOPLIST_FILE = YES;
				IPHONEOS_DEPLOYMENT_TARGET = 17.2;
				MARKETING_VERSION = 1.0;
				PRODUCT_BUNDLE_IDENTIFIER = hamidhosen.DiceViewTests;
				PRODUCT_NAME = "$(TARGET_NAME)";
				SWIFT_EMIT_LOC_STRINGS = NO;
				SWIFT_VERSION = 5.0;
				TARGETED_DEVICE_FAMILY = "1,2";
				TEST_HOST = "$(BUILT_PRODUCTS_DIR)/DiceView.app/$(BUNDLE_EXECUTABLE_FOLDER_PATH)/DiceView";
			};
			name = Debug;
		};
		CE4445772D72047900A8A7C0 /* Release */ = {
			isa = XCBuildConfiguration;
			buildSettings = {
				ALWAYS_EMBED_SWIFT_STANDARD_LIBRARIES = YES;
				BUNDLE_LOADER = "$(TEST_HOST)";
				CODE_SIGN_STYLE = Automatic;
				CURRENT_PROJECT_VERSION = 1;
				GENERATE_INFOPLIST_FILE = YES;
				IPHONEOS_DEPLOYMENT_TARGET = 17.2;
				MARKETING_VERSION = 1.0;
				PRODUCT_BUNDLE_IDENTIFIER = hamidhosen.DiceViewTests;
				PRODUCT_NAME = "$(TARGET_NAME)";
				SWIFT_EMIT_LOC_STRINGS = NO;
				SWIFT_VERSION = 5.0;
				TARGETED_DEVICE_FAMILY = "1,2";
				TEST_HOST = "$(BUILT_PRODUCTS_DIR)/DiceView.app/$(BUNDLE_EXECUTABLE_FOLDER_PATH)/DiceView";
			};
			name = Release;
		};
		CE4445792D72047900A8A7C0 /* Debug */ = {
			isa = XCBuildConfiguration;
			buildSettings = {
				ALWAYS_EMBED_SWIFT_STANDARD_LIBRARIES = YES;
				CODE_SIGN_STYLE = Automatic;
				CURRENT_PROJECT_VERSION = 1;
				GENERATE_INFOPLIST_FILE = YES;
				MARKETING_VERSION = 1.0;
				PRODUCT_BUNDLE_IDENTIFIER = hamidhosen.DiceViewUITests;
				PRODUCT_NAME = "$(TARGET_NAME)";
				SWIFT_EMIT_LOC_STRINGS = NO;
				SWIFT_VERSION = 5.0;
				TARGETED_DEVICE_FAMILY = "1,2";
				TEST_TARGET_NAME = DiceView;
			};
			name = Debug;
		};
		CE44457A2D72047900A8A7C0 /* Release */ = {
			isa = XCBuildConfiguration;
			buildSettings = {
				ALWAYS_EMBED_SWIFT_STANDARD_LIBRARIES = YES;
				CODE_SIGN_STYLE = Automatic;
				CURRENT_PROJECT_VERSION = 1;
				GENERATE_INFOPLIST_FILE = YES;
				MARKETING_VERSION = 1.0;
				PRODUCT_BUNDLE_IDENTIFIER = hamidhosen.DiceViewUITests;
				PRODUCT_NAME = "$(TARGET_NAME)";
				SWIFT_EMIT_LOC_STRINGS = NO;
				SWIFT_VERSION = 5.0;
				TARGETED_DEVICE_FAMILY = "1,2";
				TEST_TARGET_NAME = DiceView;
			};
			name = Release;
		};
/* End XCBuildConfiguration section */

/* Begin XCConfigurationList section */
		CE4445492D72047700A8A7C0 /* Build configuration list for PBXProject "DiceView" */ = {
			isa = XCConfigurationList;
			buildConfigurations = (
				CE4445702D72047900A8A7C0 /* Debug */,
				CE4445712D72047900A8A7C0 /* Release */,
			);
			defaultConfigurationIsVisible = 0;
			defaultConfigurationName = Release;
		};
		CE4445722D72047900A8A7C0 /* Build configuration list for PBXNativeTarget "DiceView" */ = {
			isa = XCConfigurationList;
			buildConfigurations = (
				CE4445732D72047900A8A7C0 /* Debug */,
				CE4445742D72047900A8A7C0 /* Release */,
			);
			defaultConfigurationIsVisible = 0;
			defaultConfigurationName = Release;
		};
		CE4445752D72047900A8A7C0 /* Build configuration list for PBXNativeTarget "DiceViewTests" */ = {
			isa = XCConfigurationList;
			buildConfigurations = (
				CE4445762D72047900A8A7C0 /* Debug */,
				CE4445772D72047900A8A7C0 /* Release */,
			);
			defaultConfigurationIsVisible = 0;
			defaultConfigurationName = Release;
		};
		CE4445782D72047900A8A7C0 /* Build configuration list for PBXNativeTarget "DiceViewUITests" */ = {
			isa = XCConfigurationList;
			buildConfigurations = (
				CE4445792D72047900A8A7C0 /* Debug */,
				CE44457A2D72047900A8A7C0 /* Release */,
			);
			defaultConfigurationIsVisible = 0;
			defaultConfigurationName = Release;
		};
/* End XCConfigurationList section */
	};
	rootObject = CE4445462D72047700A8A7C0 /* Project object */;
}
